
Microsoft Visual Studio Solution File, Format Version 12.00
# Visual Studio Version 17
VisualStudioVersion = 17.9.34622.214
MinimumVisualStudioVersion = 10.0.40219.1
Project("{F184B08F-C81C-45F6-A57F-5ABD9991F28F}") = "PeticionesBackOffice", "PeticionesBackOffice.vbproj", "{48E49BB6-6EC1-444D-AD4D-486EA7A64D14}"
EndProject
Global
	GlobalSection(SolutionConfigurationPlatforms) = preSolution
		Debug|Any CPU = Debug|Any CPU
		Release|Any CPU = Release|Any CPU
	EndGlobalSection
	GlobalSection(ProjectConfigurationPlatforms) = postSolution
		{48E49BB6-6EC1-444D-AD4D-486EA7A64D14}.Debug|Any CPU.ActiveCfg = Debug|Any CPU
		{48E49BB6-6EC1-444D-AD4D-486EA7A64D14}.Debug|Any CPU.Build.0 = Debug|Any CPU
		{48E49BB6-6EC1-444D-AD4D-486EA7A64D14}.Release|Any CPU.ActiveCfg = Release|Any CPU
		{48E49BB6-6EC1-444D-AD4D-486EA7A64D14}.Release|Any CPU.Build.0 = Release|Any CPU
	EndGlobalSection
	GlobalSection(SolutionProperties) = preSolution
		HideSolutionNode = FALSE
	EndGlobalSection
	GlobalSection(ExtensibilityGlobals) = postSolution
		SolutionGuid = {AEE53350-0106-40C8-ACA3-6F304AFE3FDE}
	EndGlobalSection
EndGlobal
